<?xml version="1.0" encoding="UTF-8" standalone="yes" ?>
<CodeBlocks_project_file>
	<FileVersion major="1" minor="6" />
	<Project>
		<Option title="Starting C++" />
		<Option pch_mode="2" />
		<Option compiler="gcc" />
		<Build>
			<Target title="Debug">
				<Option output="bin/Debug/Starting C++" prefix_auto="1" extension_auto="1" />
				<Option object_output="obj/Debug/" />
				<Option type="1" />
				<Option compiler="gcc" />
				<Compiler>
					<Add option="-g" />
				</Compiler>
			</Target>
			<Target title="Release">
				<Option output="bin/Release/Starting C++" prefix_auto="1" extension_auto="1" />
				<Option object_output="obj/Release/" />
				<Option type="1" />
				<Option compiler="gcc" />
				<Compiler>
					<Add option="-O2" />
				</Compiler>
				<Linker>
					<Add option="-s" />
				</Linker>
			</Target>
		</Build>
		<Compiler>
			<Add option="-Wall" />
			<Add option="-fexceptions" />
		</Compiler>
		<Unit filename="Area.cpp">
			<Option compile="0" />
			<Option link="0" />
		</Unit>
		<Unit filename="Digital Clock.cpp">
			<Option compile="0" />
			<Option link="0" />
		</Unit>
		<Unit filename="Discount deduction.cpp">
			<Option compile="0" />
			<Option link="0" />
		</Unit>
		<Unit filename="Grade.cpp">
			<Option compile="0" />
			<Option link="0" />
		</Unit>
		<Unit filename="Hello Matata.c">
			<Option compilerVar="CC" />
			<Option compile="0" />
			<Option link="0" />
		</Unit>
		<Unit filename="LastKING.cpp">
			<Option compile="0" />
			<Option link="0" />
		</Unit>
		<Unit filename="Number Swapping.cpp">
			<Option compile="0" />
			<Option link="0" />
		</Unit>
		<Unit filename="Printing numbers backwards.cpp">
			<Option compile="0" />
			<Option link="0" />
		</Unit>
		<Unit filename="Product and sum of a loop.cpp">
			<Option compile="0" />
			<Option link="0" />
		</Unit>
		<Unit filename="Rectangle area and perimeter.cpp">
			<Option compile="0" />
			<Option link="0" />
		</Unit>
		<Unit filename="Simple calculator.cpp">
			<Option compile="0" />
			<Option link="0" />
		</Unit>
		<Unit filename="Sphere vovlume and surface area.cpp">
			<Option compile="0" />
			<Option link="0" />
		</Unit>
		<Unit filename="The quadratic formula.cpp">
			<Option compile="0" />
			<Option link="0" />
		</Unit>
		<Unit filename="Using else if.cpp">
			<Option compile="0" />
			<Option link="0" />
		</Unit>
		<Unit filename="Using switch.cpp">
			<Option compile="0" />
			<Option link="0" />
		</Unit>
		<Unit filename="Using switch2.cpp">
			<Option compile="0" />
			<Option link="0" />
		</Unit>
		<Unit filename="Using ternary operator.cpp">
			<Option compile="0" />
			<Option link="0" />
		</Unit>
		<Unit filename="Welcome.cpp">
			<Option compile="0" />
			<Option link="0" />
		</Unit>
		<Unit filename="loop addition.cpp">
			<Option compile="0" />
			<Option link="0" />
		</Unit>
		<Unit filename="printing numbers.cpp">
			<Option compile="0" />
			<Option link="0" />
		</Unit>
		<Unit filename="using else if2.cpp">
			<Option compile="0" />
			<Option link="0" />
		</Unit>
		<Extensions>
			<lib_finder disable_auto="1" />
		</Extensions>
	</Project>
</CodeBlocks_project_file>
