<?xml version="1.0" encoding="UTF-8" standalone="yes" ?>
<CodeBlocks_project_file>
	<FileVersion major="1" minor="6" />
	<Project>
		<Option title="Classwork" />
		<Option pch_mode="2" />
		<Option compiler="gcc" />
		<Build>
			<Target title="Debug">
				<Option output="bin/Debug/Classwork" prefix_auto="1" extension_auto="1" />
				<Option object_output="obj/Debug/" />
				<Option type="1" />
				<Option compiler="gcc" />
				<Compiler>
					<Add option="-g" />
				</Compiler>
			</Target>
			<Target title="Release">
				<Option output="bin/Release/Classwork" prefix_auto="1" extension_auto="1" />
				<Option object_output="obj/Release/" />
				<Option type="1" />
				<Option compiler="gcc" />
				<Compiler>
					<Add option="-O2" />
				</Compiler>
				<Linker>
					<Add option="-s" />
				</Linker>
			</Target>
		</Build>
		<Compiler>
			<Add option="-Wall" />
			<Add option="-fexceptions" />
		</Compiler>
		<Unit filename="Array1.cpp" />
		<Unit filename="Arrays2.cpp">
			<Option compile="0" />
			<Option link="0" />
		</Unit>
		<Unit filename="City power company bills.cpp">
			<Option compile="0" />
			<Option link="0" />
		</Unit>
		<Unit filename="Excercise3.1.cpp">
			<Option compile="0" />
			<Option link="0" />
		</Unit>
		<Unit filename="Exercise3.2.cpp">
			<Option compile="0" />
			<Option link="0" />
		</Unit>
		<Unit filename="Exercise3.3.cpp">
			<Option compile="0" />
			<Option link="0" />
		</Unit>
		<Unit filename="Exercise3.4.cpp">
			<Option compile="0" />
			<Option link="0" />
		</Unit>
		<Unit filename="Exercise3.5.cpp">
			<Option compile="0" />
			<Option link="0" />
		</Unit>
		<Unit filename="Exercise3.6.a.cpp">
			<Option compile="0" />
			<Option link="0" />
		</Unit>
		<Unit filename="Exercise3.6.b.cpp">
			<Option compile="0" />
			<Option link="0" />
		</Unit>
		<Unit filename="Exercise3.7.cpp">
			<Option compile="0" />
			<Option link="0" />
		</Unit>
		<Unit filename="Exercise4.1.cpp">
			<Option compile="0" />
			<Option link="0" />
		</Unit>
		<Unit filename="Functions!.cpp">
			<Option compile="0" />
			<Option link="0" />
		</Unit>
		<Unit filename="Functions@.cpp">
			<Option compile="0" />
			<Option link="0" />
		</Unit>
		<Unit filename="Loudness determinant.cpp">
			<Option compile="0" />
			<Option link="0" />
		</Unit>
		<Unit filename="Nested loop.cpp">
			<Option compile="0" />
			<Option link="0" />
		</Unit>
		<Unit filename="Roots of equation.cpp">
			<Option compile="0" />
			<Option link="0" />
		</Unit>
		<Unit filename="Student mark averangee.cpp">
			<Option compile="0" />
			<Option link="0" />
		</Unit>
		<Unit filename="Tester.cpp">
			<Option compile="0" />
			<Option link="0" />
		</Unit>
		<Unit filename="Using do while loop.cpp">
			<Option compile="0" />
			<Option link="0" />
		</Unit>
		<Unit filename="canteen operator.cpp">
			<Option compile="0" />
			<Option link="0" />
		</Unit>
		<Unit filename="displno.cpp">
			<Option compile="0" />
			<Option link="0" />
		</Unit>
		<Unit filename="using while loop.cpp">
			<Option compile="0" />
			<Option link="0" />
		</Unit>
		<Extensions />
	</Project>
</CodeBlocks_project_file>
